
Microsoft Visual Studio Solution File, Format Version 12.00
# Visual Studio Version 17
VisualStudioVersion = 17.11.35222.181
MinimumVisualStudioVersion = 10.0.40219.1
Project("{8BC9CEB8-8B4A-11D0-8D11-00A0C91BC942}") = "smol", "smol\smol.vcxproj", "{976EC20F-8F1B-419F-B6F7-F91BDD7172B9}"
EndProject
Global
	GlobalSection(SolutionConfigurationPlatforms) = preSolution
		Debug|x64 = Debug|x64
		Debug|x86 = Debug|x86
		Release|x64 = Release|x64
		Release|x86 = Release|x86
		ReleaseCompressed|x64 = ReleaseCompressed|x64
		ReleaseCompressed|x86 = ReleaseCompressed|x86
	EndGlobalSection
	GlobalSection(ProjectConfigurationPlatforms) = postSolution
		{976EC20F-8F1B-419F-B6F7-F91BDD7172B9}.Debug|x64.ActiveCfg = Debug|Win32
		{976EC20F-8F1B-419F-B6F7-F91BDD7172B9}.Debug|x86.ActiveCfg = Debug|Win32
		{976EC20F-8F1B-419F-B6F7-F91BDD7172B9}.Debug|x86.Build.0 = Debug|Win32
		{976EC20F-8F1B-419F-B6F7-F91BDD7172B9}.Release|x64.ActiveCfg = Release|Win32
		{976EC20F-8F1B-419F-B6F7-F91BDD7172B9}.Release|x86.ActiveCfg = Release|Win32
		{976EC20F-8F1B-419F-B6F7-F91BDD7172B9}.Release|x86.Build.0 = Release|Win32
		{976EC20F-8F1B-419F-B6F7-F91BDD7172B9}.ReleaseCompressed|x64.ActiveCfg = ReleaseCompressed|Win32
		{976EC20F-8F1B-419F-B6F7-F91BDD7172B9}.ReleaseCompressed|x64.Build.0 = ReleaseCompressed|Win32
		{976EC20F-8F1B-419F-B6F7-F91BDD7172B9}.ReleaseCompressed|x86.ActiveCfg = ReleaseCompressed|Win32
		{976EC20F-8F1B-419F-B6F7-F91BDD7172B9}.ReleaseCompressed|x86.Build.0 = ReleaseCompressed|Win32
	EndGlobalSection
	GlobalSection(SolutionProperties) = preSolution
		HideSolutionNode = FALSE
	EndGlobalSection
	GlobalSection(ExtensibilityGlobals) = postSolution
		SolutionGuid = {7F58B71F-6403-48F2-BC80-5D7F3C5278A5}
	EndGlobalSection
EndGlobal
